
Microsoft Visual Studio Solution File, Format Version 12.00
# Visual Studio Version 17
VisualStudioVersion = 17.7.34003.232
MinimumVisualStudioVersion = 10.0.40219.1
Project("{9A19103F-16F7-4668-BE54-9A1E7A4F7556}") = "Bilard", "Bilard\Bilard.csproj", "{BE782881-A46F-4C6B-AEB4-A32993BDC690}"
EndProject
Project("{2150E333-8FDC-42A3-9474-1A3956D46DE8}") = "Presentation", "Presentation", "{0CF8AAE5-783A-4850-9528-22746B11EE12}"
EndProject
Project("{9A19103F-16F7-4668-BE54-9A1E7A4F7556}") = "View", "View\View.csproj", "{D409E1B2-B108-448B-BC1B-CC216E18664D}"
EndProject
Project("{FAE04EC0-301F-11D3-BF4B-00C04F79EFBC}") = "ViewModel", "ViewModel\ViewModel.csproj", "{9C564759-079E-4CC2-879A-EC71A954C050}"
EndProject
Project("{FAE04EC0-301F-11D3-BF4B-00C04F79EFBC}") = "Model", "Model\Model.csproj", "{B2EF03A3-24EE-42FE-8B20-4F12735A7FB3}"
EndProject
Project("{FAE04EC0-301F-11D3-BF4B-00C04F79EFBC}") = "LogicLayer", "LogicLayer\LogicLayer.csproj", "{9E1B8FFC-2830-4CB6-A36C-B8570B59D3E8}"
EndProject
Project("{FAE04EC0-301F-11D3-BF4B-00C04F79EFBC}") = "DataLayer", "DataLayer\DataLayer.csproj", "{6C2E18A3-34EA-47FD-93EB-510AD96B6FF3}"
EndProject
Project("{9A19103F-16F7-4668-BE54-9A1E7A4F7556}") = "LogicLayerTests", "LogicLayerTests\LogicLayerTests.csproj", "{7731F2FC-A49E-4600-84FC-9A399C8EB974}"
EndProject
Project("{9A19103F-16F7-4668-BE54-9A1E7A4F7556}") = "DataLayerTests", "DataLayerTests\DataLayerTests.csproj", "{4184ACDD-0213-498F-8A52-DD7E50608E99}"
EndProject
Project("{9A19103F-16F7-4668-BE54-9A1E7A4F7556}") = "PresentationLayerTests", "PresentationLayerTests\PresentationLayerTests.csproj", "{4D8AB983-BCB8-42BF-8A64-8BB135AE32C2}"
EndProject
Global
	GlobalSection(SolutionConfigurationPlatforms) = preSolution
		Debug|Any CPU = Debug|Any CPU
		Debug|ARM = Debug|ARM
		Debug|ARM64 = Debug|ARM64
		Debug|x64 = Debug|x64
		Debug|x86 = Debug|x86
		Release|Any CPU = Release|Any CPU
		Release|ARM = Release|ARM
		Release|ARM64 = Release|ARM64
		Release|x64 = Release|x64
		Release|x86 = Release|x86
	EndGlobalSection
	GlobalSection(ProjectConfigurationPlatforms) = postSolution
		{BE782881-A46F-4C6B-AEB4-A32993BDC690}.Debug|Any CPU.ActiveCfg = Debug|Any CPU
		{BE782881-A46F-4C6B-AEB4-A32993BDC690}.Debug|Any CPU.Build.0 = Debug|Any CPU
		{BE782881-A46F-4C6B-AEB4-A32993BDC690}.Debug|ARM.ActiveCfg = Debug|Any CPU
		{BE782881-A46F-4C6B-AEB4-A32993BDC690}.Debug|ARM.Build.0 = Debug|Any CPU
		{BE782881-A46F-4C6B-AEB4-A32993BDC690}.Debug|ARM64.ActiveCfg = Debug|Any CPU
		{BE782881-A46F-4C6B-AEB4-A32993BDC690}.Debug|ARM64.Build.0 = Debug|Any CPU
		{BE782881-A46F-4C6B-AEB4-A32993BDC690}.Debug|x64.ActiveCfg = Debug|Any CPU
		{BE782881-A46F-4C6B-AEB4-A32993BDC690}.Debug|x64.Build.0 = Debug|Any CPU
		{BE782881-A46F-4C6B-AEB4-A32993BDC690}.Debug|x86.ActiveCfg = Debug|Any CPU
		{BE782881-A46F-4C6B-AEB4-A32993BDC690}.Debug|x86.Build.0 = Debug|Any CPU
		{BE782881-A46F-4C6B-AEB4-A32993BDC690}.Release|Any CPU.ActiveCfg = Release|Any CPU
		{BE782881-A46F-4C6B-AEB4-A32993BDC690}.Release|Any CPU.Build.0 = Release|Any CPU
		{BE782881-A46F-4C6B-AEB4-A32993BDC690}.Release|ARM.ActiveCfg = Release|Any CPU
		{BE782881-A46F-4C6B-AEB4-A32993BDC690}.Release|ARM.Build.0 = Release|Any CPU
		{BE782881-A46F-4C6B-AEB4-A32993BDC690}.Release|ARM64.ActiveCfg = Release|Any CPU
		{BE782881-A46F-4C6B-AEB4-A32993BDC690}.Release|ARM64.Build.0 = Release|Any CPU
		{BE782881-A46F-4C6B-AEB4-A32993BDC690}.Release|x64.ActiveCfg = Release|Any CPU
		{BE782881-A46F-4C6B-AEB4-A32993BDC690}.Release|x64.Build.0 = Release|Any CPU
		{BE782881-A46F-4C6B-AEB4-A32993BDC690}.Release|x86.ActiveCfg = Release|Any CPU
		{BE782881-A46F-4C6B-AEB4-A32993BDC690}.Release|x86.Build.0 = Release|Any CPU
		{D409E1B2-B108-448B-BC1B-CC216E18664D}.Debug|Any CPU.ActiveCfg = Debug|Any CPU
		{D409E1B2-B108-448B-BC1B-CC216E18664D}.Debug|Any CPU.Build.0 = Debug|Any CPU
		{D409E1B2-B108-448B-BC1B-CC216E18664D}.Debug|ARM.ActiveCfg = Debug|Any CPU
		{D409E1B2-B108-448B-BC1B-CC216E18664D}.Debug|ARM.Build.0 = Debug|Any CPU
		{D409E1B2-B108-448B-BC1B-CC216E18664D}.Debug|ARM64.ActiveCfg = Debug|Any CPU
		{D409E1B2-B108-448B-BC1B-CC216E18664D}.Debug|ARM64.Build.0 = Debug|Any CPU
		{D409E1B2-B108-448B-BC1B-CC216E18664D}.Debug|x64.ActiveCfg = Debug|Any CPU
		{D409E1B2-B108-448B-BC1B-CC216E18664D}.Debug|x64.Build.0 = Debug|Any CPU
		{D409E1B2-B108-448B-BC1B-CC216E18664D}.Debug|x86.ActiveCfg = Debug|Any CPU
		{D409E1B2-B108-448B-BC1B-CC216E18664D}.Debug|x86.Build.0 = Debug|Any CPU
		{D409E1B2-B108-448B-BC1B-CC216E18664D}.Release|Any CPU.ActiveCfg = Release|Any CPU
		{D409E1B2-B108-448B-BC1B-CC216E18664D}.Release|Any CPU.Build.0 = Release|Any CPU
		{D409E1B2-B108-448B-BC1B-CC216E18664D}.Release|ARM.ActiveCfg = Release|Any CPU
		{D409E1B2-B108-448B-BC1B-CC216E18664D}.Release|ARM.Build.0 = Release|Any CPU
		{D409E1B2-B108-448B-BC1B-CC216E18664D}.Release|ARM64.ActiveCfg = Release|Any CPU
		{D409E1B2-B108-448B-BC1B-CC216E18664D}.Release|ARM64.Build.0 = Release|Any CPU
		{D409E1B2-B108-448B-BC1B-CC216E18664D}.Release|x64.ActiveCfg = Release|Any CPU
		{D409E1B2-B108-448B-BC1B-CC216E18664D}.Release|x64.Build.0 = Release|Any CPU
		{D409E1B2-B108-448B-BC1B-CC216E18664D}.Release|x86.ActiveCfg = Release|Any CPU
		{D409E1B2-B108-448B-BC1B-CC216E18664D}.Release|x86.Build.0 = Release|Any CPU
		{9C564759-079E-4CC2-879A-EC71A954C050}.Debug|Any CPU.ActiveCfg = Debug|Any CPU
		{9C564759-079E-4CC2-879A-EC71A954C050}.Debug|Any CPU.Build.0 = Debug|Any CPU
		{9C564759-079E-4CC2-879A-EC71A954C050}.Debug|ARM.ActiveCfg = Debug|Any CPU
		{9C564759-079E-4CC2-879A-EC71A954C050}.Debug|ARM.Build.0 = Debug|Any CPU
		{9C564759-079E-4CC2-879A-EC71A954C050}.Debug|ARM64.ActiveCfg = Debug|Any CPU
		{9C564759-079E-4CC2-879A-EC71A954C050}.Debug|ARM64.Build.0 = Debug|Any CPU
		{9C564759-079E-4CC2-879A-EC71A954C050}.Debug|x64.ActiveCfg = Debug|Any CPU
		{9C564759-079E-4CC2-879A-EC71A954C050}.Debug|x64.Build.0 = Debug|Any CPU
		{9C564759-079E-4CC2-879A-EC71A954C050}.Debug|x86.ActiveCfg = Debug|Any CPU
		{9C564759-079E-4CC2-879A-EC71A954C050}.Debug|x86.Build.0 = Debug|Any CPU
		{9C564759-079E-4CC2-879A-EC71A954C050}.Release|Any CPU.ActiveCfg = Release|Any CPU
		{9C564759-079E-4CC2-879A-EC71A954C050}.Release|Any CPU.Build.0 = Release|Any CPU
		{9C564759-079E-4CC2-879A-EC71A954C050}.Release|ARM.ActiveCfg = Release|Any CPU
		{9C564759-079E-4CC2-879A-EC71A954C050}.Release|ARM.Build.0 = Release|Any CPU
		{9C564759-079E-4CC2-879A-EC71A954C050}.Release|ARM64.ActiveCfg = Release|Any CPU
		{9C564759-079E-4CC2-879A-EC71A954C050}.Release|ARM64.Build.0 = Release|Any CPU
		{9C564759-079E-4CC2-879A-EC71A954C050}.Release|x64.ActiveCfg = Release|Any CPU
		{9C564759-079E-4CC2-879A-EC71A954C050}.Release|x64.Build.0 = Release|Any CPU
		{9C564759-079E-4CC2-879A-EC71A954C050}.Release|x86.ActiveCfg = Release|Any CPU
		{9C564759-079E-4CC2-879A-EC71A954C050}.Release|x86.Build.0 = Release|Any CPU
		{B2EF03A3-24EE-42FE-8B20-4F12735A7FB3}.Debug|Any CPU.ActiveCfg = Debug|Any CPU
		{B2EF03A3-24EE-42FE-8B20-4F12735A7FB3}.Debug|Any CPU.Build.0 = Debug|Any CPU
		{B2EF03A3-24EE-42FE-8B20-4F12735A7FB3}.Debug|ARM.ActiveCfg = Debug|Any CPU
		{B2EF03A3-24EE-42FE-8B20-4F12735A7FB3}.Debug|ARM.Build.0 = Debug|Any CPU
		{B2EF03A3-24EE-42FE-8B20-4F12735A7FB3}.Debug|ARM64.ActiveCfg = Debug|Any CPU
		{B2EF03A3-24EE-42FE-8B20-4F12735A7FB3}.Debug|ARM64.Build.0 = Debug|Any CPU
		{B2EF03A3-24EE-42FE-8B20-4F12735A7FB3}.Debug|x64.ActiveCfg = Debug|Any CPU
		{B2EF03A3-24EE-42FE-8B20-4F12735A7FB3}.Debug|x64.Build.0 = Debug|Any CPU
		{B2EF03A3-24EE-42FE-8B20-4F12735A7FB3}.Debug|x86.ActiveCfg = Debug|Any CPU
		{B2EF03A3-24EE-42FE-8B20-4F12735A7FB3}.Debug|x86.Build.0 = Debug|Any CPU
		{B2EF03A3-24EE-42FE-8B20-4F12735A7FB3}.Release|Any CPU.ActiveCfg = Release|Any CPU
		{B2EF03A3-24EE-42FE-8B20-4F12735A7FB3}.Release|Any CPU.Build.0 = Release|Any CPU
		{B2EF03A3-24EE-42FE-8B20-4F12735A7FB3}.Release|ARM.ActiveCfg = Release|Any CPU
		{B2EF03A3-24EE-42FE-8B20-4F12735A7FB3}.Release|ARM.Build.0 = Release|Any CPU
		{B2EF03A3-24EE-42FE-8B20-4F12735A7FB3}.Release|ARM64.ActiveCfg = Release|Any CPU
		{B2EF03A3-24EE-42FE-8B20-4F12735A7FB3}.Release|ARM64.Build.0 = Release|Any CPU
		{B2EF03A3-24EE-42FE-8B20-4F12735A7FB3}.Release|x64.ActiveCfg = Release|Any CPU
		{B2EF03A3-24EE-42FE-8B20-4F12735A7FB3}.Release|x64.Build.0 = Release|Any CPU
		{B2EF03A3-24EE-42FE-8B20-4F12735A7FB3}.Release|x86.ActiveCfg = Release|Any CPU
		{B2EF03A3-24EE-42FE-8B20-4F12735A7FB3}.Release|x86.Build.0 = Release|Any CPU
		{9E1B8FFC-2830-4CB6-A36C-B8570B59D3E8}.Debug|Any CPU.ActiveCfg = Debug|Any CPU
		{9E1B8FFC-2830-4CB6-A36C-B8570B59D3E8}.Debug|Any CPU.Build.0 = Debug|Any CPU
		{9E1B8FFC-2830-4CB6-A36C-B8570B59D3E8}.Debug|ARM.ActiveCfg = Debug|Any CPU
		{9E1B8FFC-2830-4CB6-A36C-B8570B59D3E8}.Debug|ARM.Build.0 = Debug|Any CPU
		{9E1B8FFC-2830-4CB6-A36C-B8570B59D3E8}.Debug|ARM64.ActiveCfg = Debug|Any CPU
		{9E1B8FFC-2830-4CB6-A36C-B8570B59D3E8}.Debug|ARM64.Build.0 = Debug|Any CPU
		{9E1B8FFC-2830-4CB6-A36C-B8570B59D3E8}.Debug|x64.ActiveCfg = Debug|Any CPU
		{9E1B8FFC-2830-4CB6-A36C-B8570B59D3E8}.Debug|x64.Build.0 = Debug|Any CPU
		{9E1B8FFC-2830-4CB6-A36C-B8570B59D3E8}.Debug|x86.ActiveCfg = Debug|Any CPU
		{9E1B8FFC-2830-4CB6-A36C-B8570B59D3E8}.Debug|x86.Build.0 = Debug|Any CPU
		{9E1B8FFC-2830-4CB6-A36C-B8570B59D3E8}.Release|Any CPU.ActiveCfg = Release|Any CPU
		{9E1B8FFC-2830-4CB6-A36C-B8570B59D3E8}.Release|Any CPU.Build.0 = Release|Any CPU
		{9E1B8FFC-2830-4CB6-A36C-B8570B59D3E8}.Release|ARM.ActiveCfg = Release|Any CPU
		{9E1B8FFC-2830-4CB6-A36C-B8570B59D3E8}.Release|ARM.Build.0 = Release|Any CPU
		{9E1B8FFC-2830-4CB6-A36C-B8570B59D3E8}.Release|ARM64.ActiveCfg = Release|Any CPU
		{9E1B8FFC-2830-4CB6-A36C-B8570B59D3E8}.Release|ARM64.Build.0 = Release|Any CPU
		{9E1B8FFC-2830-4CB6-A36C-B8570B59D3E8}.Release|x64.ActiveCfg = Release|Any CPU
		{9E1B8FFC-2830-4CB6-A36C-B8570B59D3E8}.Release|x64.Build.0 = Release|Any CPU
		{9E1B8FFC-2830-4CB6-A36C-B8570B59D3E8}.Release|x86.ActiveCfg = Release|Any CPU
		{9E1B8FFC-2830-4CB6-A36C-B8570B59D3E8}.Release|x86.Build.0 = Release|Any CPU
		{6C2E18A3-34EA-47FD-93EB-510AD96B6FF3}.Debug|Any CPU.ActiveCfg = Debug|Any CPU
		{6C2E18A3-34EA-47FD-93EB-510AD96B6FF3}.Debug|Any CPU.Build.0 = Debug|Any CPU
		{6C2E18A3-34EA-47FD-93EB-510AD96B6FF3}.Debug|ARM.ActiveCfg = Debug|Any CPU
		{6C2E18A3-34EA-47FD-93EB-510AD96B6FF3}.Debug|ARM.Build.0 = Debug|Any CPU
		{6C2E18A3-34EA-47FD-93EB-510AD96B6FF3}.Debug|ARM64.ActiveCfg = Debug|Any CPU
		{6C2E18A3-34EA-47FD-93EB-510AD96B6FF3}.Debug|ARM64.Build.0 = Debug|Any CPU
		{6C2E18A3-34EA-47FD-93EB-510AD96B6FF3}.Debug|x64.ActiveCfg = Debug|Any CPU
		{6C2E18A3-34EA-47FD-93EB-510AD96B6FF3}.Debug|x64.Build.0 = Debug|Any CPU
		{6C2E18A3-34EA-47FD-93EB-510AD96B6FF3}.Debug|x86.ActiveCfg = Debug|Any CPU
		{6C2E18A3-34EA-47FD-93EB-510AD96B6FF3}.Debug|x86.Build.0 = Debug|Any CPU
		{6C2E18A3-34EA-47FD-93EB-510AD96B6FF3}.Release|Any CPU.ActiveCfg = Release|Any CPU
		{6C2E18A3-34EA-47FD-93EB-510AD96B6FF3}.Release|Any CPU.Build.0 = Release|Any CPU
		{6C2E18A3-34EA-47FD-93EB-510AD96B6FF3}.Release|ARM.ActiveCfg = Release|Any CPU
		{6C2E18A3-34EA-47FD-93EB-510AD96B6FF3}.Release|ARM.Build.0 = Release|Any CPU
		{6C2E18A3-34EA-47FD-93EB-510AD96B6FF3}.Release|ARM64.ActiveCfg = Release|Any CPU
		{6C2E18A3-34EA-47FD-93EB-510AD96B6FF3}.Release|ARM64.Build.0 = Release|Any CPU
		{6C2E18A3-34EA-47FD-93EB-510AD96B6FF3}.Release|x64.ActiveCfg = Release|Any CPU
		{6C2E18A3-34EA-47FD-93EB-510AD96B6FF3}.Release|x64.Build.0 = Release|Any CPU
		{6C2E18A3-34EA-47FD-93EB-510AD96B6FF3}.Release|x86.ActiveCfg = Release|Any CPU
		{6C2E18A3-34EA-47FD-93EB-510AD96B6FF3}.Release|x86.Build.0 = Release|Any CPU
		{7731F2FC-A49E-4600-84FC-9A399C8EB974}.Debug|Any CPU.ActiveCfg = Debug|Any CPU
		{7731F2FC-A49E-4600-84FC-9A399C8EB974}.Debug|Any CPU.Build.0 = Debug|Any CPU
		{7731F2FC-A49E-4600-84FC-9A399C8EB974}.Debug|ARM.ActiveCfg = Debug|Any CPU
		{7731F2FC-A49E-4600-84FC-9A399C8EB974}.Debug|ARM.Build.0 = Debug|Any CPU
		{7731F2FC-A49E-4600-84FC-9A399C8EB974}.Debug|ARM64.ActiveCfg = Debug|Any CPU
		{7731F2FC-A49E-4600-84FC-9A399C8EB974}.Debug|ARM64.Build.0 = Debug|Any CPU
		{7731F2FC-A49E-4600-84FC-9A399C8EB974}.Debug|x64.ActiveCfg = Debug|Any CPU
		{7731F2FC-A49E-4600-84FC-9A399C8EB974}.Debug|x64.Build.0 = Debug|Any CPU
		{7731F2FC-A49E-4600-84FC-9A399C8EB974}.Debug|x86.ActiveCfg = Debug|Any CPU
		{7731F2FC-A49E-4600-84FC-9A399C8EB974}.Debug|x86.Build.0 = Debug|Any CPU
		{7731F2FC-A49E-4600-84FC-9A399C8EB974}.Release|Any CPU.ActiveCfg = Release|Any CPU
		{7731F2FC-A49E-4600-84FC-9A399C8EB974}.Release|Any CPU.Build.0 = Release|Any CPU
		{7731F2FC-A49E-4600-84FC-9A399C8EB974}.Release|ARM.ActiveCfg = Release|Any CPU
		{7731F2FC-A49E-4600-84FC-9A399C8EB974}.Release|ARM.Build.0 = Release|Any CPU
		{7731F2FC-A49E-4600-84FC-9A399C8EB974}.Release|ARM64.ActiveCfg = Release|Any CPU
		{7731F2FC-A49E-4600-84FC-9A399C8EB974}.Release|ARM64.Build.0 = Release|Any CPU
		{7731F2FC-A49E-4600-84FC-9A399C8EB974}.Release|x64.ActiveCfg = Release|Any CPU
		{7731F2FC-A49E-4600-84FC-9A399C8EB974}.Release|x64.Build.0 = Release|Any CPU
		{7731F2FC-A49E-4600-84FC-9A399C8EB974}.Release|x86.ActiveCfg = Release|Any CPU
		{7731F2FC-A49E-4600-84FC-9A399C8EB974}.Release|x86.Build.0 = Release|Any CPU
		{4184ACDD-0213-498F-8A52-DD7E50608E99}.Debug|Any CPU.ActiveCfg = Debug|Any CPU
		{4184ACDD-0213-498F-8A52-DD7E50608E99}.Debug|Any CPU.Build.0 = Debug|Any CPU
		{4184ACDD-0213-498F-8A52-DD7E50608E99}.Debug|ARM.ActiveCfg = Debug|Any CPU
		{4184ACDD-0213-498F-8A52-DD7E50608E99}.Debug|ARM.Build.0 = Debug|Any CPU
		{4184ACDD-0213-498F-8A52-DD7E50608E99}.Debug|ARM64.ActiveCfg = Debug|Any CPU
		{4184ACDD-0213-498F-8A52-DD7E50608E99}.Debug|ARM64.Build.0 = Debug|Any CPU
		{4184ACDD-0213-498F-8A52-DD7E50608E99}.Debug|x64.ActiveCfg = Debug|Any CPU
		{4184ACDD-0213-498F-8A52-DD7E50608E99}.Debug|x64.Build.0 = Debug|Any CPU
		{4184ACDD-0213-498F-8A52-DD7E50608E99}.Debug|x86.ActiveCfg = Debug|Any CPU
		{4184ACDD-0213-498F-8A52-DD7E50608E99}.Debug|x86.Build.0 = Debug|Any CPU
		{4184ACDD-0213-498F-8A52-DD7E50608E99}.Release|Any CPU.ActiveCfg = Release|Any CPU
		{4184ACDD-0213-498F-8A52-DD7E50608E99}.Release|Any CPU.Build.0 = Release|Any CPU
		{4184ACDD-0213-498F-8A52-DD7E50608E99}.Release|ARM.ActiveCfg = Release|Any CPU
		{4184ACDD-0213-498F-8A52-DD7E50608E99}.Release|ARM.Build.0 = Release|Any CPU
		{4184ACDD-0213-498F-8A52-DD7E50608E99}.Release|ARM64.ActiveCfg = Release|Any CPU
		{4184ACDD-0213-498F-8A52-DD7E50608E99}.Release|ARM64.Build.0 = Release|Any CPU
		{4184ACDD-0213-498F-8A52-DD7E50608E99}.Release|x64.ActiveCfg = Release|Any CPU
		{4184ACDD-0213-498F-8A52-DD7E50608E99}.Release|x64.Build.0 = Release|Any CPU
		{4184ACDD-0213-498F-8A52-DD7E50608E99}.Release|x86.ActiveCfg = Release|Any CPU
		{4184ACDD-0213-498F-8A52-DD7E50608E99}.Release|x86.Build.0 = Release|Any CPU
		{4D8AB983-BCB8-42BF-8A64-8BB135AE32C2}.Debug|Any CPU.ActiveCfg = Debug|Any CPU
		{4D8AB983-BCB8-42BF-8A64-8BB135AE32C2}.Debug|Any CPU.Build.0 = Debug|Any CPU
		{4D8AB983-BCB8-42BF-8A64-8BB135AE32C2}.Debug|ARM.ActiveCfg = Debug|Any CPU
		{4D8AB983-BCB8-42BF-8A64-8BB135AE32C2}.Debug|ARM.Build.0 = Debug|Any CPU
		{4D8AB983-BCB8-42BF-8A64-8BB135AE32C2}.Debug|ARM64.ActiveCfg = Debug|Any CPU
		{4D8AB983-BCB8-42BF-8A64-8BB135AE32C2}.Debug|ARM64.Build.0 = Debug|Any CPU
		{4D8AB983-BCB8-42BF-8A64-8BB135AE32C2}.Debug|x64.ActiveCfg = Debug|Any CPU
		{4D8AB983-BCB8-42BF-8A64-8BB135AE32C2}.Debug|x64.Build.0 = Debug|Any CPU
		{4D8AB983-BCB8-42BF-8A64-8BB135AE32C2}.Debug|x86.ActiveCfg = Debug|Any CPU
		{4D8AB983-BCB8-42BF-8A64-8BB135AE32C2}.Debug|x86.Build.0 = Debug|Any CPU
		{4D8AB983-BCB8-42BF-8A64-8BB135AE32C2}.Release|Any CPU.ActiveCfg = Release|Any CPU
		{4D8AB983-BCB8-42BF-8A64-8BB135AE32C2}.Release|Any CPU.Build.0 = Release|Any CPU
		{4D8AB983-BCB8-42BF-8A64-8BB135AE32C2}.Release|ARM.ActiveCfg = Release|Any CPU
		{4D8AB983-BCB8-42BF-8A64-8BB135AE32C2}.Release|ARM.Build.0 = Release|Any CPU
		{4D8AB983-BCB8-42BF-8A64-8BB135AE32C2}.Release|ARM64.ActiveCfg = Release|Any CPU
		{4D8AB983-BCB8-42BF-8A64-8BB135AE32C2}.Release|ARM64.Build.0 = Release|Any CPU
		{4D8AB983-BCB8-42BF-8A64-8BB135AE32C2}.Release|x64.ActiveCfg = Release|Any CPU
		{4D8AB983-BCB8-42BF-8A64-8BB135AE32C2}.Release|x64.Build.0 = Release|Any CPU
		{4D8AB983-BCB8-42BF-8A64-8BB135AE32C2}.Release|x86.ActiveCfg = Release|Any CPU
		{4D8AB983-BCB8-42BF-8A64-8BB135AE32C2}.Release|x86.Build.0 = Release|Any CPU
	EndGlobalSection
	GlobalSection(SolutionProperties) = preSolution
		HideSolutionNode = FALSE
	EndGlobalSection
	GlobalSection(NestedProjects) = preSolution
		{D409E1B2-B108-448B-BC1B-CC216E18664D} = {0CF8AAE5-783A-4850-9528-22746B11EE12}
		{9C564759-079E-4CC2-879A-EC71A954C050} = {0CF8AAE5-783A-4850-9528-22746B11EE12}
		{B2EF03A3-24EE-42FE-8B20-4F12735A7FB3} = {0CF8AAE5-783A-4850-9528-22746B11EE12}
	EndGlobalSection
	GlobalSection(ExtensibilityGlobals) = postSolution
		SolutionGuid = {D5F12546-3233-406C-9D3B-02075D75DACA}
	EndGlobalSection
EndGlobal
