
Microsoft Visual Studio Solution File, Format Version 12.00
# Visual Studio Version 17
VisualStudioVersion = 17.7.34003.232
MinimumVisualStudioVersion = 10.0.40219.1
Project("{9A19103F-16F7-4668-BE54-9A1E7A4F7556}") = "Bilard", "Bilard\Bilard.csproj", "{BE782881-A46F-4C6B-AEB4-A32993BDC690}"
EndProject
Project("{2150E333-8FDC-42A3-9474-1A3956D46DE8}") = "Presentation", "Presentation", "{0CF8AAE5-783A-4850-9528-22746B11EE12}"
EndProject
Project("{9A19103F-16F7-4668-BE54-9A1E7A4F7556}") = "ProjectTests", "ProjectTests\ProjectTests.csproj", "{94C0B3AE-9358-405C-88FD-54BE29CE7B59}"
EndProject
Project("{FAE04EC0-301F-11D3-BF4B-00C04F79EFBC}") = "View", "View\View.csproj", "{B45201AB-AEF2-4B39-B68E-C62735F8A5F3}"
EndProject
Project("{FAE04EC0-301F-11D3-BF4B-00C04F79EFBC}") = "Model", "Model\Model.csproj", "{96180560-96C9-4DF6-8FE6-99C56736CADE}"
EndProject
Project("{FAE04EC0-301F-11D3-BF4B-00C04F79EFBC}") = "ViewModel", "ViewModel\ViewModel.csproj", "{D05C4D1B-2DC7-41A6-85B9-67C07794633E}"
EndProject
Global
	GlobalSection(SolutionConfigurationPlatforms) = preSolution
		Debug|Any CPU = Debug|Any CPU
		Debug|ARM = Debug|ARM
		Debug|ARM64 = Debug|ARM64
		Debug|x64 = Debug|x64
		Debug|x86 = Debug|x86
		Release|Any CPU = Release|Any CPU
		Release|ARM = Release|ARM
		Release|ARM64 = Release|ARM64
		Release|x64 = Release|x64
		Release|x86 = Release|x86
	EndGlobalSection
	GlobalSection(ProjectConfigurationPlatforms) = postSolution
		{BE782881-A46F-4C6B-AEB4-A32993BDC690}.Debug|Any CPU.ActiveCfg = Debug|Any CPU
		{BE782881-A46F-4C6B-AEB4-A32993BDC690}.Debug|Any CPU.Build.0 = Debug|Any CPU
		{BE782881-A46F-4C6B-AEB4-A32993BDC690}.Debug|ARM.ActiveCfg = Debug|Any CPU
		{BE782881-A46F-4C6B-AEB4-A32993BDC690}.Debug|ARM.Build.0 = Debug|Any CPU
		{BE782881-A46F-4C6B-AEB4-A32993BDC690}.Debug|ARM64.ActiveCfg = Debug|Any CPU
		{BE782881-A46F-4C6B-AEB4-A32993BDC690}.Debug|ARM64.Build.0 = Debug|Any CPU
		{BE782881-A46F-4C6B-AEB4-A32993BDC690}.Debug|x64.ActiveCfg = Debug|Any CPU
		{BE782881-A46F-4C6B-AEB4-A32993BDC690}.Debug|x64.Build.0 = Debug|Any CPU
		{BE782881-A46F-4C6B-AEB4-A32993BDC690}.Debug|x86.ActiveCfg = Debug|Any CPU
		{BE782881-A46F-4C6B-AEB4-A32993BDC690}.Debug|x86.Build.0 = Debug|Any CPU
		{BE782881-A46F-4C6B-AEB4-A32993BDC690}.Release|Any CPU.ActiveCfg = Release|Any CPU
		{BE782881-A46F-4C6B-AEB4-A32993BDC690}.Release|Any CPU.Build.0 = Release|Any CPU
		{BE782881-A46F-4C6B-AEB4-A32993BDC690}.Release|ARM.ActiveCfg = Release|Any CPU
		{BE782881-A46F-4C6B-AEB4-A32993BDC690}.Release|ARM.Build.0 = Release|Any CPU
		{BE782881-A46F-4C6B-AEB4-A32993BDC690}.Release|ARM64.ActiveCfg = Release|Any CPU
		{BE782881-A46F-4C6B-AEB4-A32993BDC690}.Release|ARM64.Build.0 = Release|Any CPU
		{BE782881-A46F-4C6B-AEB4-A32993BDC690}.Release|x64.ActiveCfg = Release|Any CPU
		{BE782881-A46F-4C6B-AEB4-A32993BDC690}.Release|x64.Build.0 = Release|Any CPU
		{BE782881-A46F-4C6B-AEB4-A32993BDC690}.Release|x86.ActiveCfg = Release|Any CPU
		{BE782881-A46F-4C6B-AEB4-A32993BDC690}.Release|x86.Build.0 = Release|Any CPU
		{94C0B3AE-9358-405C-88FD-54BE29CE7B59}.Debug|Any CPU.ActiveCfg = Debug|Any CPU
		{94C0B3AE-9358-405C-88FD-54BE29CE7B59}.Debug|Any CPU.Build.0 = Debug|Any CPU
		{94C0B3AE-9358-405C-88FD-54BE29CE7B59}.Debug|ARM.ActiveCfg = Debug|Any CPU
		{94C0B3AE-9358-405C-88FD-54BE29CE7B59}.Debug|ARM.Build.0 = Debug|Any CPU
		{94C0B3AE-9358-405C-88FD-54BE29CE7B59}.Debug|ARM64.ActiveCfg = Debug|Any CPU
		{94C0B3AE-9358-405C-88FD-54BE29CE7B59}.Debug|ARM64.Build.0 = Debug|Any CPU
		{94C0B3AE-9358-405C-88FD-54BE29CE7B59}.Debug|x64.ActiveCfg = Debug|Any CPU
		{94C0B3AE-9358-405C-88FD-54BE29CE7B59}.Debug|x64.Build.0 = Debug|Any CPU
		{94C0B3AE-9358-405C-88FD-54BE29CE7B59}.Debug|x86.ActiveCfg = Debug|Any CPU
		{94C0B3AE-9358-405C-88FD-54BE29CE7B59}.Debug|x86.Build.0 = Debug|Any CPU
		{94C0B3AE-9358-405C-88FD-54BE29CE7B59}.Release|Any CPU.ActiveCfg = Release|Any CPU
		{94C0B3AE-9358-405C-88FD-54BE29CE7B59}.Release|Any CPU.Build.0 = Release|Any CPU
		{94C0B3AE-9358-405C-88FD-54BE29CE7B59}.Release|ARM.ActiveCfg = Release|Any CPU
		{94C0B3AE-9358-405C-88FD-54BE29CE7B59}.Release|ARM.Build.0 = Release|Any CPU
		{94C0B3AE-9358-405C-88FD-54BE29CE7B59}.Release|ARM64.ActiveCfg = Release|Any CPU
		{94C0B3AE-9358-405C-88FD-54BE29CE7B59}.Release|ARM64.Build.0 = Release|Any CPU
		{94C0B3AE-9358-405C-88FD-54BE29CE7B59}.Release|x64.ActiveCfg = Release|Any CPU
		{94C0B3AE-9358-405C-88FD-54BE29CE7B59}.Release|x64.Build.0 = Release|Any CPU
		{94C0B3AE-9358-405C-88FD-54BE29CE7B59}.Release|x86.ActiveCfg = Release|Any CPU
		{94C0B3AE-9358-405C-88FD-54BE29CE7B59}.Release|x86.Build.0 = Release|Any CPU
		{B45201AB-AEF2-4B39-B68E-C62735F8A5F3}.Debug|Any CPU.ActiveCfg = Debug|Any CPU
		{B45201AB-AEF2-4B39-B68E-C62735F8A5F3}.Debug|Any CPU.Build.0 = Debug|Any CPU
		{B45201AB-AEF2-4B39-B68E-C62735F8A5F3}.Debug|ARM.ActiveCfg = Debug|Any CPU
		{B45201AB-AEF2-4B39-B68E-C62735F8A5F3}.Debug|ARM.Build.0 = Debug|Any CPU
		{B45201AB-AEF2-4B39-B68E-C62735F8A5F3}.Debug|ARM64.ActiveCfg = Debug|Any CPU
		{B45201AB-AEF2-4B39-B68E-C62735F8A5F3}.Debug|ARM64.Build.0 = Debug|Any CPU
		{B45201AB-AEF2-4B39-B68E-C62735F8A5F3}.Debug|x64.ActiveCfg = Debug|Any CPU
		{B45201AB-AEF2-4B39-B68E-C62735F8A5F3}.Debug|x64.Build.0 = Debug|Any CPU
		{B45201AB-AEF2-4B39-B68E-C62735F8A5F3}.Debug|x86.ActiveCfg = Debug|Any CPU
		{B45201AB-AEF2-4B39-B68E-C62735F8A5F3}.Debug|x86.Build.0 = Debug|Any CPU
		{B45201AB-AEF2-4B39-B68E-C62735F8A5F3}.Release|Any CPU.ActiveCfg = Release|Any CPU
		{B45201AB-AEF2-4B39-B68E-C62735F8A5F3}.Release|Any CPU.Build.0 = Release|Any CPU
		{B45201AB-AEF2-4B39-B68E-C62735F8A5F3}.Release|ARM.ActiveCfg = Release|Any CPU
		{B45201AB-AEF2-4B39-B68E-C62735F8A5F3}.Release|ARM.Build.0 = Release|Any CPU
		{B45201AB-AEF2-4B39-B68E-C62735F8A5F3}.Release|ARM64.ActiveCfg = Release|Any CPU
		{B45201AB-AEF2-4B39-B68E-C62735F8A5F3}.Release|ARM64.Build.0 = Release|Any CPU
		{B45201AB-AEF2-4B39-B68E-C62735F8A5F3}.Release|x64.ActiveCfg = Release|Any CPU
		{B45201AB-AEF2-4B39-B68E-C62735F8A5F3}.Release|x64.Build.0 = Release|Any CPU
		{B45201AB-AEF2-4B39-B68E-C62735F8A5F3}.Release|x86.ActiveCfg = Release|Any CPU
		{B45201AB-AEF2-4B39-B68E-C62735F8A5F3}.Release|x86.Build.0 = Release|Any CPU
		{96180560-96C9-4DF6-8FE6-99C56736CADE}.Debug|Any CPU.ActiveCfg = Debug|Any CPU
		{96180560-96C9-4DF6-8FE6-99C56736CADE}.Debug|Any CPU.Build.0 = Debug|Any CPU
		{96180560-96C9-4DF6-8FE6-99C56736CADE}.Debug|ARM.ActiveCfg = Debug|Any CPU
		{96180560-96C9-4DF6-8FE6-99C56736CADE}.Debug|ARM.Build.0 = Debug|Any CPU
		{96180560-96C9-4DF6-8FE6-99C56736CADE}.Debug|ARM64.ActiveCfg = Debug|Any CPU
		{96180560-96C9-4DF6-8FE6-99C56736CADE}.Debug|ARM64.Build.0 = Debug|Any CPU
		{96180560-96C9-4DF6-8FE6-99C56736CADE}.Debug|x64.ActiveCfg = Debug|Any CPU
		{96180560-96C9-4DF6-8FE6-99C56736CADE}.Debug|x64.Build.0 = Debug|Any CPU
		{96180560-96C9-4DF6-8FE6-99C56736CADE}.Debug|x86.ActiveCfg = Debug|Any CPU
		{96180560-96C9-4DF6-8FE6-99C56736CADE}.Debug|x86.Build.0 = Debug|Any CPU
		{96180560-96C9-4DF6-8FE6-99C56736CADE}.Release|Any CPU.ActiveCfg = Release|Any CPU
		{96180560-96C9-4DF6-8FE6-99C56736CADE}.Release|Any CPU.Build.0 = Release|Any CPU
		{96180560-96C9-4DF6-8FE6-99C56736CADE}.Release|ARM.ActiveCfg = Release|Any CPU
		{96180560-96C9-4DF6-8FE6-99C56736CADE}.Release|ARM.Build.0 = Release|Any CPU
		{96180560-96C9-4DF6-8FE6-99C56736CADE}.Release|ARM64.ActiveCfg = Release|Any CPU
		{96180560-96C9-4DF6-8FE6-99C56736CADE}.Release|ARM64.Build.0 = Release|Any CPU
		{96180560-96C9-4DF6-8FE6-99C56736CADE}.Release|x64.ActiveCfg = Release|Any CPU
		{96180560-96C9-4DF6-8FE6-99C56736CADE}.Release|x64.Build.0 = Release|Any CPU
		{96180560-96C9-4DF6-8FE6-99C56736CADE}.Release|x86.ActiveCfg = Release|Any CPU
		{96180560-96C9-4DF6-8FE6-99C56736CADE}.Release|x86.Build.0 = Release|Any CPU
		{D05C4D1B-2DC7-41A6-85B9-67C07794633E}.Debug|Any CPU.ActiveCfg = Debug|Any CPU
		{D05C4D1B-2DC7-41A6-85B9-67C07794633E}.Debug|Any CPU.Build.0 = Debug|Any CPU
		{D05C4D1B-2DC7-41A6-85B9-67C07794633E}.Debug|ARM.ActiveCfg = Debug|Any CPU
		{D05C4D1B-2DC7-41A6-85B9-67C07794633E}.Debug|ARM.Build.0 = Debug|Any CPU
		{D05C4D1B-2DC7-41A6-85B9-67C07794633E}.Debug|ARM64.ActiveCfg = Debug|Any CPU
		{D05C4D1B-2DC7-41A6-85B9-67C07794633E}.Debug|ARM64.Build.0 = Debug|Any CPU
		{D05C4D1B-2DC7-41A6-85B9-67C07794633E}.Debug|x64.ActiveCfg = Debug|Any CPU
		{D05C4D1B-2DC7-41A6-85B9-67C07794633E}.Debug|x64.Build.0 = Debug|Any CPU
		{D05C4D1B-2DC7-41A6-85B9-67C07794633E}.Debug|x86.ActiveCfg = Debug|Any CPU
		{D05C4D1B-2DC7-41A6-85B9-67C07794633E}.Debug|x86.Build.0 = Debug|Any CPU
		{D05C4D1B-2DC7-41A6-85B9-67C07794633E}.Release|Any CPU.ActiveCfg = Release|Any CPU
		{D05C4D1B-2DC7-41A6-85B9-67C07794633E}.Release|Any CPU.Build.0 = Release|Any CPU
		{D05C4D1B-2DC7-41A6-85B9-67C07794633E}.Release|ARM.ActiveCfg = Release|Any CPU
		{D05C4D1B-2DC7-41A6-85B9-67C07794633E}.Release|ARM.Build.0 = Release|Any CPU
		{D05C4D1B-2DC7-41A6-85B9-67C07794633E}.Release|ARM64.ActiveCfg = Release|Any CPU
		{D05C4D1B-2DC7-41A6-85B9-67C07794633E}.Release|ARM64.Build.0 = Release|Any CPU
		{D05C4D1B-2DC7-41A6-85B9-67C07794633E}.Release|x64.ActiveCfg = Release|Any CPU
		{D05C4D1B-2DC7-41A6-85B9-67C07794633E}.Release|x64.Build.0 = Release|Any CPU
		{D05C4D1B-2DC7-41A6-85B9-67C07794633E}.Release|x86.ActiveCfg = Release|Any CPU
		{D05C4D1B-2DC7-41A6-85B9-67C07794633E}.Release|x86.Build.0 = Release|Any CPU
	EndGlobalSection
	GlobalSection(SolutionProperties) = preSolution
		HideSolutionNode = FALSE
	EndGlobalSection
	GlobalSection(NestedProjects) = preSolution
		{B45201AB-AEF2-4B39-B68E-C62735F8A5F3} = {0CF8AAE5-783A-4850-9528-22746B11EE12}
		{96180560-96C9-4DF6-8FE6-99C56736CADE} = {0CF8AAE5-783A-4850-9528-22746B11EE12}
		{D05C4D1B-2DC7-41A6-85B9-67C07794633E} = {0CF8AAE5-783A-4850-9528-22746B11EE12}
	EndGlobalSection
	GlobalSection(ExtensibilityGlobals) = postSolution
		SolutionGuid = {D5F12546-3233-406C-9D3B-02075D75DACA}
	EndGlobalSection
EndGlobal
